
Microsoft Visual Studio Solution File, Format Version 12.00
# Visual Studio Version 17
VisualStudioVersion = 17.2.32519.379
MinimumVisualStudioVersion = 10.0.40219.1
Project("{9A19103F-16F7-4668-BE54-9A1E7A4F7556}") = "RegistroVentasWeb", "RegistroVentasWeb.csproj", "{4A8EC96F-774A-4190-A5C7-D9FE62F5C403}"
EndProject
Project("{FAE04EC0-301F-11D3-BF4B-00C04F79EFBC}") = "RegistroVentasWebUI", "..\RegistroVentasWebUI\RegistroVentasWebUI.csproj", "{FAC8D42D-5B83-43DC-B4BB-015426580E73}"
EndProject
Global
	GlobalSection(SolutionConfigurationPlatforms) = preSolution
		Debug|Any CPU = Debug|Any CPU
		Release|Any CPU = Release|Any CPU
	EndGlobalSection
	GlobalSection(ProjectConfigurationPlatforms) = postSolution
		{4A8EC96F-774A-4190-A5C7-D9FE62F5C403}.Debug|Any CPU.ActiveCfg = Debug|Any CPU
		{4A8EC96F-774A-4190-A5C7-D9FE62F5C403}.Debug|Any CPU.Build.0 = Debug|Any CPU
		{4A8EC96F-774A-4190-A5C7-D9FE62F5C403}.Release|Any CPU.ActiveCfg = Release|Any CPU
		{4A8EC96F-774A-4190-A5C7-D9FE62F5C403}.Release|Any CPU.Build.0 = Release|Any CPU
		{FAC8D42D-5B83-43DC-B4BB-015426580E73}.Debug|Any CPU.ActiveCfg = Debug|Any CPU
		{FAC8D42D-5B83-43DC-B4BB-015426580E73}.Debug|Any CPU.Build.0 = Debug|Any CPU
		{FAC8D42D-5B83-43DC-B4BB-015426580E73}.Release|Any CPU.ActiveCfg = Release|Any CPU
		{FAC8D42D-5B83-43DC-B4BB-015426580E73}.Release|Any CPU.Build.0 = Release|Any CPU
	EndGlobalSection
	GlobalSection(SolutionProperties) = preSolution
		HideSolutionNode = FALSE
	EndGlobalSection
	GlobalSection(ExtensibilityGlobals) = postSolution
		SolutionGuid = {D7765796-E9B3-464D-BC52-4F0C8D5311EC}
	EndGlobalSection
EndGlobal
